
Microsoft Visual Studio Solution File, Format Version 12.00
# Visual Studio Version 16
VisualStudioVersion = 16.0.30523.141
MinimumVisualStudioVersion = 10.0.40219.1
Project("{FAE04EC0-301F-11D3-BF4B-00C04F79EFBC}") = "PROJEKT", "PROJEKT\PROJEKT.csproj", "{2FD69A3D-0121-42BB-9723-3A1040D457B5}"
EndProject
Global
	GlobalSection(SolutionConfigurationPlatforms) = preSolution
		Debug|Any CPU = Debug|Any CPU
		Release|Any CPU = Release|Any CPU
	EndGlobalSection
	GlobalSection(ProjectConfigurationPlatforms) = postSolution
		{2FD69A3D-0121-42BB-9723-3A1040D457B5}.Debug|Any CPU.ActiveCfg = Debug|Any CPU
		{2FD69A3D-0121-42BB-9723-3A1040D457B5}.Debug|Any CPU.Build.0 = Debug|Any CPU
		{2FD69A3D-0121-42BB-9723-3A1040D457B5}.Release|Any CPU.ActiveCfg = Release|Any CPU
		{2FD69A3D-0121-42BB-9723-3A1040D457B5}.Release|Any CPU.Build.0 = Release|Any CPU
	EndGlobalSection
	GlobalSection(SolutionProperties) = preSolution
		HideSolutionNode = FALSE
	EndGlobalSection
	GlobalSection(ExtensibilityGlobals) = postSolution
		SolutionGuid = {80DDE220-5AF5-451B-A46A-C1C5CCDFDB7A}
	EndGlobalSection
EndGlobal
